// !$*UTF8*$!
{
	archiveVersion = 1;
	classes = {
	};
	objectVersion = 48;
	objects = {

/* Begin PBXBuildFile section */
		A006D59E2070630C004F521F /* AppDelegate.swift in Sources */ = {isa = PBXBuildFile; fileRef = A006D59D2070630C004F521F /* AppDelegate.swift */; };
		A006D5A02070630C004F521F /* ViewController.swift in Sources */ = {isa = PBXBuildFile; fileRef = A006D59F2070630C004F521F /* ViewController.swift */; };
		A006D5A32070630C004F521F /* Main.storyboard in Resources */ = {isa = PBXBuildFile; fileRef = A006D5A12070630C004F521F /* Main.storyboard */; };
		A006D5A52070630C004F521F /* Assets.xcassets in Resources */ = {isa = PBXBuildFile; fileRef = A006D5A42070630C004F521F /* Assets.xcassets */; };
		A006D5A82070630C004F521F /* LaunchScreen.storyboard in Resources */ = {isa = PBXBuildFile; fileRef = A006D5A62070630C004F521F /* LaunchScreen.storyboard */; };
		A006D5B32070630D004F521F /* MemeMeTests.swift in Sources */ = {isa = PBXBuildFile; fileRef = A006D5B22070630D004F521F /* MemeMeTests.swift */; };
		A006D5BE2070630D004F521F /* MemeMeUITests.swift in Sources */ = {isa = PBXBuildFile; fileRef = A006D5BD2070630D004F521F /* MemeMeUITests.swift */; };
		A006D5CC207148B6004F521F /* MemeMeTextField.swift in Sources */ = {isa = PBXBuildFile; fileRef = A006D5CB207148B6004F521F /* MemeMeTextField.swift */; };
/* End PBXBuildFile section */

/* Begin PBXContainerItemProxy section */
		A006D5AF2070630C004F521F /* PBXContainerItemProxy */ = {
			isa = PBXContainerItemProxy;
			containerPortal = A006D5922070630C004F521F /* Project object */;
			proxyType = 1;
			remoteGlobalIDString = A006D5992070630C004F521F;
			remoteInfo = MemeMe;
		};
		A006D5BA2070630D004F521F /* PBXContainerItemProxy */ = {
			isa = PBXContainerItemProxy;
			containerPortal = A006D5922070630C004F521F /* Project object */;
			proxyType = 1;
			remoteGlobalIDString = A006D5992070630C004F521F;
			remoteInfo = MemeMe;
		};
/* End PBXContainerItemProxy section */

/* Begin PBXFileReference section */
		A006D59A2070630C004F521F /* MemeMe.app */ = {isa = PBXFileReference; explicitFileType = wrapper.application; includeInIndex = 0; path = MemeMe.app; sourceTree = BUILT_PRODUCTS_DIR; };
		A006D59D2070630C004F521F /* AppDelegate.swift */ = {isa = PBXFileReference; lastKnownFileType = sourcecode.swift; path = AppDelegate.swift; sourceTree = "<group>"; };
		A006D59F2070630C004F521F /* ViewController.swift */ = {isa = PBXFileReference; lastKnownFileType = sourcecode.swift; path = ViewController.swift; sourceTree = "<group>"; };
		A006D5A22070630C004F521F /* Base */ = {isa = PBXFileReference; lastKnownFileType = file.storyboard; name = Base; path = Base.lproj/Main.storyboard; sourceTree = "<group>"; };
		A006D5A42070630C004F521F /* Assets.xcassets */ = {isa = PBXFileReference; lastKnownFileType = folder.assetcatalog; path = Assets.xcassets; sourceTree = "<group>"; };
		A006D5A72070630C004F521F /* Base */ = {isa = PBXFileReference; lastKnownFileType = file.storyboard; name = Base; path = Base.lproj/LaunchScreen.storyboard; sourceTree = "<group>"; };
		A006D5A92070630C004F521F /* Info.plist */ = {isa = PBXFileReference; lastKnownFileType = text.plist.xml; path = Info.plist; sourceTree = "<group>"; };
		A006D5AE2070630C004F521F /* MemeMeTests.xctest */ = {isa = PBXFileReference; explicitFileType = wrapper.cfbundle; includeInIndex = 0; path = MemeMeTests.xctest; sourceTree = BUILT_PRODUCTS_DIR; };
		A006D5B22070630D004F521F /* MemeMeTests.swift */ = {isa = PBXFileReference; lastKnownFileType = sourcecode.swift; path = MemeMeTests.swift; sourceTree = "<group>"; };
		A006D5B42070630D004F521F /* Info.plist */ = {isa = PBXFileReference; lastKnownFileType = text.plist.xml; path = Info.plist; sourceTree = "<group>"; };
		A006D5B92070630D004F521F /* MemeMeUITests.xctest */ = {isa = PBXFileReference; explicitFileType = wrapper.cfbundle; includeInIndex = 0; path = MemeMeUITests.xctest; sourceTree = BUILT_PRODUCTS_DIR; };
		A006D5BD2070630D004F521F /* MemeMeUITests.swift */ = {isa = PBXFileReference; lastKnownFileType = sourcecode.swift; path = MemeMeUITests.swift; sourceTree = "<group>"; };
		A006D5BF2070630D004F521F /* Info.plist */ = {isa = PBXFileReference; lastKnownFileType = text.plist.xml; path = Info.plist; sourceTree = "<group>"; };
		A006D5CB207148B6004F521F /* MemeMeTextField.swift */ = {isa = PBXFileReference; lastKnownFileType = sourcecode.swift; path = MemeMeTextField.swift; sourceTree = "<group>"; };
/* End PBXFileReference section */

/* Begin PBXFrameworksBuildPhase section */
		A006D5972070630C004F521F /* Frameworks */ = {
			isa = PBXFrameworksBuildPhase;
			buildActionMask = 2147483647;
			files = (
			);
			runOnlyForDeploymentPostprocessing = 0;
		};
		A006D5AB2070630C004F521F /* Frameworks */ = {
			isa = PBXFrameworksBuildPhase;
			buildActionMask = 2147483647;
			files = (
			);
			runOnlyForDeploymentPostprocessing = 0;
		};
		A006D5B62070630D004F521F /* Frameworks */ = {
			isa = PBXFrameworksBuildPhase;
			buildActionMask = 2147483647;
			files = (
			);
			runOnlyForDeploymentPostprocessing = 0;
		};
/* End PBXFrameworksBuildPhase section */

/* Begin PBXGroup section */
		A006D5912070630C004F521F = {
			isa = PBXGroup;
			children = (
				A006D59C2070630C004F521F /* MemeMe */,
				A006D5B12070630C004F521F /* MemeMeTests */,
				A006D5BC2070630D004F521F /* MemeMeUITests */,
				A006D59B2070630C004F521F /* Products */,
			);
			sourceTree = "<group>";
		};
		A006D59B2070630C004F521F /* Products */ = {
			isa = PBXGroup;
			children = (
				A006D59A2070630C004F521F /* MemeMe.app */,
				A006D5AE2070630C004F521F /* MemeMeTests.xctest */,
				A006D5B92070630D004F521F /* MemeMeUITests.xctest */,
			);
			name = Products;
			sourceTree = "<group>";
		};
		A006D59C2070630C004F521F /* MemeMe */ = {
			isa = PBXGroup;
			children = (
				A006D59D2070630C004F521F /* AppDelegate.swift */,
				A006D59F2070630C004F521F /* ViewController.swift */,
				A006D5A12070630C004F521F /* Main.storyboard */,
				A006D5CB207148B6004F521F /* MemeMeTextField.swift */,
				A006D5A42070630C004F521F /* Assets.xcassets */,
				A006D5A62070630C004F521F /* LaunchScreen.storyboard */,
				A006D5A92070630C004F521F /* Info.plist */,
			);
			path = MemeMe;
			sourceTree = "<group>";
		};
		A006D5B12070630C004F521F /* MemeMeTests */ = {
			isa = PBXGroup;
			children = (
				A006D5B22070630D004F521F /* MemeMeTests.swift */,
				A006D5B42070630D004F521F /* Info.plist */,
			);
			path = MemeMeTests;
			sourceTree = "<group>";
		};
		A006D5BC2070630D004F521F /* MemeMeUITests */ = {
			isa = PBXGroup;
			children = (
				A006D5BD2070630D004F521F /* MemeMeUITests.swift */,
				A006D5BF2070630D004F521F /* Info.plist */,
			);
			path = MemeMeUITests;
			sourceTree = "<group>";
		};
/* End PBXGroup section */

/* Begin PBXNativeTarget section */
		A006D5992070630C004F521F /* MemeMe */ = {
			isa = PBXNativeTarget;
			buildConfigurationList = A006D5C22070630D004F521F /* Build configuration list for PBXNativeTarget "MemeMe" */;
			buildPhases = (
				A006D5962070630C004F521F /* Sources */,
				A006D5972070630C004F521F /* Frameworks */,
				A006D5982070630C004F521F /* Resources */,
			);
			buildRules = (
			);
			dependencies = (
			);
			name = MemeMe;
			productName = MemeMe;
			productReference = A006D59A2070630C004F521F /* MemeMe.app */;
			productType = "com.apple.product-type.application";
		};
		A006D5AD2070630C004F521F /* MemeMeTests */ = {
			isa = PBXNativeTarget;
			buildConfigurationList = A006D5C52070630D004F521F /* Build configuration list for PBXNativeTarget "MemeMeTests" */;
			buildPhases = (
				A006D5AA2070630C004F521F /* Sources */,
				A006D5AB2070630C004F521F /* Frameworks */,
				A006D5AC2070630C004F521F /* Resources */,
			);
			buildRules = (
			);
			dependencies = (
				A006D5B02070630C004F521F /* PBXTargetDependency */,
			);
			name = MemeMeTests;
			productName = MemeMeTests;
			productReference = A006D5AE2070630C004F521F /* MemeMeTests.xctest */;
			productType = "com.apple.product-type.bundle.unit-test";
		};
		A006D5B82070630D004F521F /* MemeMeUITests */ = {
			isa = PBXNativeTarget;
			buildConfigurationList = A006D5C82070630D004F521F /* Build configuration list for PBXNativeTarget "MemeMeUITests" */;
			buildPhases = (
				A006D5B52070630D004F521F /* Sources */,
				A006D5B62070630D004F521F /* Frameworks */,
				A006D5B72070630D004F521F /* Resources */,
			);
			buildRules = (
			);
			dependencies = (
				A006D5BB2070630D004F521F /* PBXTargetDependency */,
			);
			name = MemeMeUITests;
			productName = MemeMeUITests;
			productReference = A006D5B92070630D004F521F /* MemeMeUITests.xctest */;
			productType = "com.apple.product-type.bundle.ui-testing";
		};
/* End PBXNativeTarget section */

/* Begin PBXProject section */
		A006D5922070630C004F521F /* Project object */ = {
			isa = PBXProject;
			attributes = {
				LastSwiftUpdateCheck = 0920;
				LastUpgradeCheck = 0920;
				ORGANIZATIONNAME = "Myron Wells";
				TargetAttributes = {
					A006D5992070630C004F521F = {
						CreatedOnToolsVersion = 9.2;
						ProvisioningStyle = Automatic;
					};
					A006D5AD2070630C004F521F = {
						CreatedOnToolsVersion = 9.2;
						ProvisioningStyle = Automatic;
						TestTargetID = A006D5992070630C004F521F;
					};
					A006D5B82070630D004F521F = {
						CreatedOnToolsVersion = 9.2;
						ProvisioningStyle = Automatic;
						TestTargetID = A006D5992070630C004F521F;
					};
				};
			};
			buildConfigurationList = A006D5952070630C004F521F /* Build configuration list for PBXProject "MemeMe" */;
			compatibilityVersion = "Xcode 8.0";
			developmentRegion = en;
			hasScannedForEncodings = 0;
			knownRegions = (
				en,
				Base,
			);
			mainGroup = A006D5912070630C004F521F;
			productRefGroup = A006D59B2070630C004F521F /* Products */;
			projectDirPath = "";
			projectRoot = "";
			targets = (
				A006D5992070630C004F521F /* MemeMe */,
				A006D5AD2070630C004F521F /* MemeMeTests */,
				A006D5B82070630D004F521F /* MemeMeUITests */,
			);
		};
/* End PBXProject section */

/* Begin PBXResourcesBuildPhase section */
		A006D5982070630C004F521F /* Resources */ = {
			isa = PBXResourcesBuildPhase;
			buildActionMask = 2147483647;
			files = (
				A006D5A82070630C004F521F /* LaunchScreen.storyboard in Resources */,
				A006D5A52070630C004F521F /* Assets.xcassets in Resources */,
				A006D5A32070630C004F521F /* Main.storyboard in Resources */,
			);
			runOnlyForDeploymentPostprocessing = 0;
		};
		A006D5AC2070630C004F521F /* Resources */ = {
			isa = PBXResourcesBuildPhase;
			buildActionMask = 2147483647;
			files = (
			);
			runOnlyForDeploymentPostprocessing = 0;
		};
		A006D5B72070630D004F521F /* Resources */ = {
			isa = PBXResourcesBuildPhase;
			buildActionMask = 2147483647;
			files = (
			);
			runOnlyForDeploymentPostprocessing = 0;
		};
/* End PBXResourcesBuildPhase section */

/* Begin PBXSourcesBuildPhase section */
		A006D5962070630C004F521F /* Sources */ = {
			isa = PBXSourcesBuildPhase;
			buildActionMask = 2147483647;
			files = (
				A006D5A02070630C004F521F /* ViewController.swift in Sources */,
				A006D59E2070630C004F521F /* AppDelegate.swift in Sources */,
				A006D5CC207148B6004F521F /* MemeMeTextField.swift in Sources */,
			);
			runOnlyForDeploymentPostprocessing = 0;
		};
		A006D5AA2070630C004F521F /* Sources */ = {
			isa = PBXSourcesBuildPhase;
			buildActionMask = 2147483647;
			files = (
				A006D5B32070630D004F521F /* MemeMeTests.swift in Sources */,
			);
			runOnlyForDeploymentPostprocessing = 0;
		};
		A006D5B52070630D004F521F /* Sources */ = {
			isa = PBXSourcesBuildPhase;
			buildActionMask = 2147483647;
			files = (
				A006D5BE2070630D004F521F /* MemeMeUITests.swift in Sources */,
			);
			runOnlyForDeploymentPostprocessing = 0;
		};
/* End PBXSourcesBuildPhase section */

/* Begin PBXTargetDependency section */
		A006D5B02070630C004F521F /* PBXTargetDependency */ = {
			isa = PBXTargetDependency;
			target = A006D5992070630C004F521F /* MemeMe */;
			targetProxy = A006D5AF2070630C004F521F /* PBXContainerItemProxy */;
		};
		A006D5BB2070630D004F521F /* PBXTargetDependency */ = {
			isa = PBXTargetDependency;
			target = A006D5992070630C004F521F /* MemeMe */;
			targetProxy = A006D5BA2070630D004F521F /* PBXContainerItemProxy */;
		};
/* End PBXTargetDependency section */

/* Begin PBXVariantGroup section */
		A006D5A12070630C004F521F /* Main.storyboard */ = {
			isa = PBXVariantGroup;
			children = (
				A006D5A22070630C004F521F /* Base */,
			);
			name = Main.storyboard;
			sourceTree = "<group>";
		};
		A006D5A62070630C004F521F /* LaunchScreen.storyboard */ = {
			isa = PBXVariantGroup;
			children = (
				A006D5A72070630C004F521F /* Base */,
			);
			name = LaunchScreen.storyboard;
			sourceTree = "<group>";
		};
/* End PBXVariantGroup section */

/* Begin XCBuildConfiguration section */
		A006D5C02070630D004F521F /* Debug */ = {
			isa = XCBuildConfiguration;
			buildSettings = {
				ALWAYS_SEARCH_USER_PATHS = NO;
				CLANG_ANALYZER_NONNULL = YES;
				CLANG_ANALYZER_NUMBER_OBJECT_CONVERSION = YES_AGGRESSIVE;
				CLANG_CXX_LANGUAGE_STANDARD = "gnu++14";
				CLANG_CXX_LIBRARY = "libc++";
				CLANG_ENABLE_MODULES = YES;
				CLANG_ENABLE_OBJC_ARC = YES;
				CLANG_WARN_BLOCK_CAPTURE_AUTORELEASING = YES;
				CLANG_WARN_BOOL_CONVERSION = YES;
				CLANG_WARN_COMMA = YES;
				CLANG_WARN_CONSTANT_CONVERSION = YES;
				CLANG_WARN_DIRECT_OBJC_ISA_USAGE = YES_ERROR;
				CLANG_WARN_DOCUMENTATION_COMMENTS = YES;
				CLANG_WARN_EMPTY_BODY = YES;
				CLANG_WARN_ENUM_CONVERSION = YES;
				CLANG_WARN_INFINITE_RECURSION = YES;
				CLANG_WARN_INT_CONVERSION = YES;
				CLANG_WARN_NON_LITERAL_NULL_CONVERSION = YES;
				CLANG_WARN_OBJC_LITERAL_CONVERSION = YES;
				CLANG_WARN_OBJC_ROOT_CLASS = YES_ERROR;
				CLANG_WARN_RANGE_LOOP_ANALYSIS = YES;
				CLANG_WARN_STRICT_PROTOTYPES = YES;
				CLANG_WARN_SUSPICIOUS_MOVE = YES;
				CLANG_WARN_UNGUARDED_AVAILABILITY = YES_AGGRESSIVE;
				CLANG_WARN_UNREACHABLE_CODE = YES;
				CLANG_WARN__DUPLICATE_METHOD_MATCH = YES;
				CODE_SIGN_IDENTITY = "iPhone Developer";
				COPY_PHASE_STRIP = NO;
				DEBUG_INFORMATION_FORMAT = dwarf;
				ENABLE_STRICT_OBJC_MSGSEND = YES;
				ENABLE_TESTABILITY = YES;
				GCC_C_LANGUAGE_STANDARD = gnu11;
				GCC_DYNAMIC_NO_PIC = NO;
				GCC_NO_COMMON_BLOCKS = YES;
				GCC_OPTIMIZATION_LEVEL = 0;
				GCC_PREPROCESSOR_DEFINITIONS = (
					"DEBUG=1",
					"$(inherited)",
				);
				GCC_WARN_64_TO_32_BIT_CONVERSION = YES;
				GCC_WARN_ABOUT_RETURN_TYPE = YES_ERROR;
				GCC_WARN_UNDECLARED_SELECTOR = YES;
				GCC_WARN_UNINITIALIZED_AUTOS = YES_AGGRESSIVE;
				GCC_WARN_UNUSED_FUNCTION = YES;
				GCC_WARN_UNUSED_VARIABLE = YES;
				IPHONEOS_DEPLOYMENT_TARGET = 11.2;
				MTL_ENABLE_DEBUG_INFO = YES;
				ONLY_ACTIVE_ARCH = YES;
				SDKROOT = iphoneos;
				SWIFT_ACTIVE_COMPILATION_CONDITIONS = DEBUG;
				SWIFT_OPTIMIZATION_LEVEL = "-Onone";
			};
			name = Debug;
		};
		A006D5C12070630D004F521F /* Release */ = {
			isa = XCBuildConfiguration;
			buildSettings = {
				ALWAYS_SEARCH_USER_PATHS = NO;
				CLANG_ANALYZER_NONNULL = YES;
				CLANG_ANALYZER_NUMBER_OBJECT_CONVERSION = YES_AGGRESSIVE;
				CLANG_CXX_LANGUAGE_STANDARD = "gnu++14";
				CLANG_CXX_LIBRARY = "libc++";
				CLANG_ENABLE_MODULES = YES;
				CLANG_ENABLE_OBJC_ARC = YES;
				CLANG_WARN_BLOCK_CAPTURE_AUTORELEASING = YES;
				CLANG_WARN_BOOL_CONVERSION = YES;
				CLANG_WARN_COMMA = YES;
				CLANG_WARN_CONSTANT_CONVERSION = YES;
				CLANG_WARN_DIRECT_OBJC_ISA_USAGE = YES_ERROR;
				CLANG_WARN_DOCUMENTATION_COMMENTS = YES;
				CLANG_WARN_EMPTY_BODY = YES;
				CLANG_WARN_ENUM_CONVERSION = YES;
				CLANG_WARN_INFINITE_RECURSION = YES;
				CLANG_WARN_INT_CONVERSION = YES;
				CLANG_WARN_NON_LITERAL_NULL_CONVERSION = YES;
				CLANG_WARN_OBJC_LITERAL_CONVERSION = YES;
				CLANG_WARN_OBJC_ROOT_CLASS = YES_ERROR;
				CLANG_WARN_RANGE_LOOP_ANALYSIS = YES;
				CLANG_WARN_STRICT_PROTOTYPES = YES;
				CLANG_WARN_SUSPICIOUS_MOVE = YES;
				CLANG_WARN_UNGUARDED_AVAILABILITY = YES_AGGRESSIVE;
				CLANG_WARN_UNREACHABLE_CODE = YES;
				CLANG_WARN__DUPLICATE_METHOD_MATCH = YES;
				CODE_SIGN_IDENTITY = "iPhone Developer";
				COPY_PHASE_STRIP = NO;
				DEBUG_INFORMATION_FORMAT = "dwarf-with-dsym";
				ENABLE_NS_ASSERTIONS = NO;
				ENABLE_STRICT_OBJC_MSGSEND = YES;
				GCC_C_LANGUAGE_STANDARD = gnu11;
				GCC_NO_COMMON_BLOCKS = YES;
				GCC_WARN_64_TO_32_BIT_CONVERSION = YES;
				GCC_WARN_ABOUT_RETURN_TYPE = YES_ERROR;
				GCC_WARN_UNDECLARED_SELECTOR = YES;
				GCC_WARN_UNINITIALIZED_AUTOS = YES_AGGRESSIVE;
				GCC_WARN_UNUSED_FUNCTION = YES;
				GCC_WARN_UNUSED_VARIABLE = YES;
				IPHONEOS_DEPLOYMENT_TARGET = 11.2;
				MTL_ENABLE_DEBUG_INFO = NO;
				SDKROOT = iphoneos;
				SWIFT_OPTIMIZATION_LEVEL = "-Owholemodule";
				VALIDATE_PRODUCT = YES;
			};
			name = Release;
		};
		A006D5C32070630D004F521F /* Debug */ = {
			isa = XCBuildConfiguration;
			buildSettings = {
				ASSETCATALOG_COMPILER_APPICON_NAME = AppIcon;
				CODE_SIGN_STYLE = Automatic;
				DEVELOPMENT_TEAM = T667UVMBUJ;
				INFOPLIST_FILE = MemeMe/Info.plist;
				IPHONEOS_DEPLOYMENT_TARGET = 11.1;
				LD_RUNPATH_SEARCH_PATHS = "$(inherited) @executable_path/Frameworks";
				PRODUCT_BUNDLE_IDENTIFIER = com.myronwells.MemeMe;
				PRODUCT_NAME = "$(TARGET_NAME)";
				SWIFT_VERSION = 4.0;
				TARGETED_DEVICE_FAMILY = "1,2";
			};
			name = Debug;
		};
		A006D5C42070630D004F521F /* Release */ = {
			isa = XCBuildConfiguration;
			buildSettings = {
				ASSETCATALOG_COMPILER_APPICON_NAME = AppIcon;
				CODE_SIGN_STYLE = Automatic;
				DEVELOPMENT_TEAM = T667UVMBUJ;
				INFOPLIST_FILE = MemeMe/Info.plist;
				IPHONEOS_DEPLOYMENT_TARGET = 11.1;
				LD_RUNPATH_SEARCH_PATHS = "$(inherited) @executable_path/Frameworks";
				PRODUCT_BUNDLE_IDENTIFIER = com.myronwells.MemeMe;
				PRODUCT_NAME = "$(TARGET_NAME)";
				SWIFT_VERSION = 4.0;
				TARGETED_DEVICE_FAMILY = "1,2";
			};
			name = Release;
		};
		A006D5C62070630D004F521F /* Debug */ = {
			isa = XCBuildConfiguration;
			buildSettings = {
				ALWAYS_EMBED_SWIFT_STANDARD_LIBRARIES = YES;
				BUNDLE_LOADER = "$(TEST_HOST)";
				CODE_SIGN_STYLE = Automatic;
				DEVELOPMENT_TEAM = T667UVMBUJ;
				INFOPLIST_FILE = MemeMeTests/Info.plist;
				LD_RUNPATH_SEARCH_PATHS = "$(inherited) @executable_path/Frameworks @loader_path/Frameworks";
				PRODUCT_BUNDLE_IDENTIFIER = com.myronwells.MemeMeTests;
				PRODUCT_NAME = "$(TARGET_NAME)";
				SWIFT_VERSION = 4.0;
				TARGETED_DEVICE_FAMILY = "1,2";
				TEST_HOST = "$(BUILT_PRODUCTS_DIR)/MemeMe.app/MemeMe";
			};
			name = Debug;
		};
		A006D5C72070630D004F521F /* Release */ = {
			isa = XCBuildConfiguration;
			buildSettings = {
				ALWAYS_EMBED_SWIFT_STANDARD_LIBRARIES = YES;
				BUNDLE_LOADER = "$(TEST_HOST)";
				CODE_SIGN_STYLE = Automatic;
				DEVELOPMENT_TEAM = T667UVMBUJ;
				INFOPLIST_FILE = MemeMeTests/Info.plist;
				LD_RUNPATH_SEARCH_PATHS = "$(inherited) @executable_path/Frameworks @loader_path/Frameworks";
				PRODUCT_BUNDLE_IDENTIFIER = com.myronwells.MemeMeTests;
				PRODUCT_NAME = "$(TARGET_NAME)";
				SWIFT_VERSION = 4.0;
				TARGETED_DEVICE_FAMILY = "1,2";
				TEST_HOST = "$(BUILT_PRODUCTS_DIR)/MemeMe.app/MemeMe";
			};
			name = Release;
		};
		A006D5C92070630D004F521F /* Debug */ = {
			isa = XCBuildConfiguration;
			buildSettings = {
				ALWAYS_EMBED_SWIFT_STANDARD_LIBRARIES = YES;
				CODE_SIGN_STYLE = Automatic;
				DEVELOPMENT_TEAM = T667UVMBUJ;
				INFOPLIST_FILE = MemeMeUITests/Info.plist;
				LD_RUNPATH_SEARCH_PATHS = "$(inherited) @executable_path/Frameworks @loader_path/Frameworks";
				PRODUCT_BUNDLE_IDENTIFIER = com.myronwells.MemeMeUITests;
				PRODUCT_NAME = "$(TARGET_NAME)";
				SWIFT_VERSION = 4.0;
				TARGETED_DEVICE_FAMILY = "1,2";
				TEST_TARGET_NAME = MemeMe;
			};
			name = Debug;
		};
		A006D5CA2070630D004F521F /* Release */ = {
			isa = XCBuildConfiguration;
			buildSettings = {
				ALWAYS_EMBED_SWIFT_STANDARD_LIBRARIES = YES;
				CODE_SIGN_STYLE = Automatic;
				DEVELOPMENT_TEAM = T667UVMBUJ;
				INFOPLIST_FILE = MemeMeUITests/Info.plist;
				LD_RUNPATH_SEARCH_PATHS = "$(inherited) @executable_path/Frameworks @loader_path/Frameworks";
				PRODUCT_BUNDLE_IDENTIFIER = com.myronwells.MemeMeUITests;
				PRODUCT_NAME = "$(TARGET_NAME)";
				SWIFT_VERSION = 4.0;
				TARGETED_DEVICE_FAMILY = "1,2";
				TEST_TARGET_NAME = MemeMe;
			};
			name = Release;
		};
/* End XCBuildConfiguration section */

/* Begin XCConfigurationList section */
		A006D5952070630C004F521F /* Build configuration list for PBXProject "MemeMe" */ = {
			isa = XCConfigurationList;
			buildConfigurations = (
				A006D5C02070630D004F521F /* Debug */,
				A006D5C12070630D004F521F /* Release */,
			);
			defaultConfigurationIsVisible = 0;
			defaultConfigurationName = Release;
		};
		A006D5C22070630D004F521F /* Build configuration list for PBXNativeTarget "MemeMe" */ = {
			isa = XCConfigurationList;
			buildConfigurations = (
				A006D5C32070630D004F521F /* Debug */,
				A006D5C42070630D004F521F /* Release */,
			);
			defaultConfigurationIsVisible = 0;
			defaultConfigurationName = Release;
		};
		A006D5C52070630D004F521F /* Build configuration list for PBXNativeTarget "MemeMeTests" */ = {
			isa = XCConfigurationList;
			buildConfigurations = (
				A006D5C62070630D004F521F /* Debug */,
				A006D5C72070630D004F521F /* Release */,
			);
			defaultConfigurationIsVisible = 0;
			defaultConfigurationName = Release;
		};
		A006D5C82070630D004F521F /* Build configuration list for PBXNativeTarget "MemeMeUITests" */ = {
			isa = XCConfigurationList;
			buildConfigurations = (
				A006D5C92070630D004F521F /* Debug */,
				A006D5CA2070630D004F521F /* Release */,
			);
			defaultConfigurationIsVisible = 0;
			defaultConfigurationName = Release;
		};
/* End XCConfigurationList section */
	};
	rootObject = A006D5922070630C004F521F /* Project object */;
}
